
Microsoft Visual Studio Solution File, Format Version 12.00
# Visual Studio Version 17
VisualStudioVersion = 17.6.33829.357
MinimumVisualStudioVersion = 10.0.40219.1
Project("{9A19103F-16F7-4668-BE54-9A1E7A4F7556}") = "DotnetPlayground", "DotnetPlayground\DotnetPlayground.csproj", "{6CAF1FC7-C7E1-4A06-8261-395DB6CB6FEF}"
EndProject
Global
	GlobalSection(SolutionConfigurationPlatforms) = preSolution
		Debug|Any CPU = Debug|Any CPU
		Release|Any CPU = Release|Any CPU
	EndGlobalSection
	GlobalSection(ProjectConfigurationPlatforms) = postSolution
		{6CAF1FC7-C7E1-4A06-8261-395DB6CB6FEF}.Debug|Any CPU.ActiveCfg = Debug|Any CPU
		{6CAF1FC7-C7E1-4A06-8261-395DB6CB6FEF}.Debug|Any CPU.Build.0 = Debug|Any CPU
		{6CAF1FC7-C7E1-4A06-8261-395DB6CB6FEF}.Release|Any CPU.ActiveCfg = Release|Any CPU
		{6CAF1FC7-C7E1-4A06-8261-395DB6CB6FEF}.Release|Any CPU.Build.0 = Release|Any CPU
	EndGlobalSection
	GlobalSection(SolutionProperties) = preSolution
		HideSolutionNode = FALSE
	EndGlobalSection
	GlobalSection(ExtensibilityGlobals) = postSolution
		SolutionGuid = {95BA5B3B-5976-4582-9A55-82EEB3B83B63}
	EndGlobalSection
EndGlobal
